
Microsoft Visual Studio Solution File, Format Version 12.00
# Visual Studio Version 17
VisualStudioVersion = 17.8.34330.188
MinimumVisualStudioVersion = 10.0.40219.1
Project("{9A19103F-16F7-4668-BE54-9A1E7A4F7556}") = "AmazonBedrockWindowsApp", "DocumentBot\AmazonBedrockWindowsApp.csproj", "{D891A666-784C-4CB8-A4AC-C7080DF4B483}"
EndProject
Global
	GlobalSection(SolutionConfigurationPlatforms) = preSolution
		Debug|Any CPU = Debug|Any CPU
		Release|Any CPU = Release|Any CPU
	EndGlobalSection
	GlobalSection(ProjectConfigurationPlatforms) = postSolution
		{D891A666-784C-4CB8-A4AC-C7080DF4B483}.Debug|Any CPU.ActiveCfg = Debug|Any CPU
		{D891A666-784C-4CB8-A4AC-C7080DF4B483}.Debug|Any CPU.Build.0 = Debug|Any CPU
		{D891A666-784C-4CB8-A4AC-C7080DF4B483}.Release|Any CPU.ActiveCfg = Release|Any CPU
		{D891A666-784C-4CB8-A4AC-C7080DF4B483}.Release|Any CPU.Build.0 = Release|Any CPU
	EndGlobalSection
	GlobalSection(SolutionProperties) = preSolution
		HideSolutionNode = FALSE
	EndGlobalSection
	GlobalSection(ExtensibilityGlobals) = postSolution
		SolutionGuid = {2A4C5484-A206-4C08-BC48-398A0787EA2A}
	EndGlobalSection
EndGlobal
